{
    "name": "ca.nemerofsky.paradise",
    "version": "1.0.0",
    "lockfileVersion": 1,
    "requires": true,
    "dependencies": {
        "cordova-plugin-file": {
            "version": "6.0.2",
            "resolved": "https://registry.npmjs.org/cordova-plugin-file/-/cordova-plugin-file-6.0.2.tgz",
            "integrity": "sha512-m7cughw327CjONN/qjzsTpSesLaeybksQh420/gRuSXJX5Zt9NfgsSbqqKDon6jnQ9Mm7h7imgyO2uJ34XMBtA=="
        },
        "cordova-plugin-media": {
            "version": "5.0.3",
            "resolved": "https://registry.npmjs.org/cordova-plugin-media/-/cordova-plugin-media-5.0.3.tgz",
            "integrity": "sha512-UQPFlpk1zL4BY44zGi8RVmYCvcKBCN4Dyf8ovxqGYCC8zR1yhbTRWYDdO9vJdERwbfgWV7+z7FMWiSUfqWm9bQ=="
        },
        "media": {
            "version": "0.2.1",
            "resolved": "https://registry.npmjs.org/media/-/media-0.2.1.tgz",
            "integrity": "sha1-KrxoaVV7hEVWVKJvvu9YCeN1b9k="
        }
    }
}
